
Microsoft Visual Studio Solution File, Format Version 12.00
# Visual Studio Version 17
VisualStudioVersion = 17.9.34616.47
MinimumVisualStudioVersion = 10.0.40219.1
Project("{8BC9CEB8-8B4A-11D0-8D11-00A0C91BC942}") = "ParadigmaOOP2_0242", "ParadigmaOOP2_0242\ParadigmaOOP2_0242.vcxproj", "{2C309883-40CC-48A1-B6D1-305922593E86}"
EndProject
Project("{8BC9CEB8-8B4A-11D0-8D11-00A0C91BC942}") = "Polymorphi", "Polymorphi\Polymorphi.vcxproj", "{E9FBA1D0-D80C-4FA4-B182-7733D7CD5B23}"
EndProject
Project("{8BC9CEB8-8B4A-11D0-8D11-00A0C91BC942}") = "Multiwaris", "Multiwaris\Multiwaris.vcxproj", "{84FDE46A-DD27-48D4-9659-09E5A4B7A723}"
EndProject
Project("{8BC9CEB8-8B4A-11D0-8D11-00A0C91BC942}") = "nopewarisan(inheritance)", "nopewarisan(inheritance)\nopewarisan(inheritance).vcxproj", "{E2A1E25F-6E9A-482F-85EF-7EBBAD9A5E94}"
EndProject
Project("{8BC9CEB8-8B4A-11D0-8D11-00A0C91BC942}") = "noOverriding", "noOverriding\noOverriding.vcxproj", "{D4283604-A504-4B4F-913A-1372B149FAC1}"
EndProject
Project("{8BC9CEB8-8B4A-11D0-8D11-00A0C91BC942}") = "Encapsulation", "Encapsulation\Encapsulation.vcxproj", "{46F91A98-90D6-4F12-ABD1-5CE510C6D9B0}"
EndProject
Global
	GlobalSection(SolutionConfigurationPlatforms) = preSolution
		Debug|x64 = Debug|x64
		Debug|x86 = Debug|x86
		Release|x64 = Release|x64
		Release|x86 = Release|x86
	EndGlobalSection
	GlobalSection(ProjectConfigurationPlatforms) = postSolution
		{2C309883-40CC-48A1-B6D1-305922593E86}.Debug|x64.ActiveCfg = Debug|x64
		{2C309883-40CC-48A1-B6D1-305922593E86}.Debug|x64.Build.0 = Debug|x64
		{2C309883-40CC-48A1-B6D1-305922593E86}.Debug|x86.ActiveCfg = Debug|Win32
		{2C309883-40CC-48A1-B6D1-305922593E86}.Debug|x86.Build.0 = Debug|Win32
		{2C309883-40CC-48A1-B6D1-305922593E86}.Release|x64.ActiveCfg = Release|x64
		{2C309883-40CC-48A1-B6D1-305922593E86}.Release|x64.Build.0 = Release|x64
		{2C309883-40CC-48A1-B6D1-305922593E86}.Release|x86.ActiveCfg = Release|Win32
		{2C309883-40CC-48A1-B6D1-305922593E86}.Release|x86.Build.0 = Release|Win32
		{E9FBA1D0-D80C-4FA4-B182-7733D7CD5B23}.Debug|x64.ActiveCfg = Debug|x64
		{E9FBA1D0-D80C-4FA4-B182-7733D7CD5B23}.Debug|x64.Build.0 = Debug|x64
		{E9FBA1D0-D80C-4FA4-B182-7733D7CD5B23}.Debug|x86.ActiveCfg = Debug|Win32
		{E9FBA1D0-D80C-4FA4-B182-7733D7CD5B23}.Debug|x86.Build.0 = Debug|Win32
		{E9FBA1D0-D80C-4FA4-B182-7733D7CD5B23}.Release|x64.ActiveCfg = Release|x64
		{E9FBA1D0-D80C-4FA4-B182-7733D7CD5B23}.Release|x64.Build.0 = Release|x64
		{E9FBA1D0-D80C-4FA4-B182-7733D7CD5B23}.Release|x86.ActiveCfg = Release|Win32
		{E9FBA1D0-D80C-4FA4-B182-7733D7CD5B23}.Release|x86.Build.0 = Release|Win32
		{84FDE46A-DD27-48D4-9659-09E5A4B7A723}.Debug|x64.ActiveCfg = Debug|x64
		{84FDE46A-DD27-48D4-9659-09E5A4B7A723}.Debug|x64.Build.0 = Debug|x64
		{84FDE46A-DD27-48D4-9659-09E5A4B7A723}.Debug|x86.ActiveCfg = Debug|Win32
		{84FDE46A-DD27-48D4-9659-09E5A4B7A723}.Debug|x86.Build.0 = Debug|Win32
		{84FDE46A-DD27-48D4-9659-09E5A4B7A723}.Release|x64.ActiveCfg = Release|x64
		{84FDE46A-DD27-48D4-9659-09E5A4B7A723}.Release|x64.Build.0 = Release|x64
		{84FDE46A-DD27-48D4-9659-09E5A4B7A723}.Release|x86.ActiveCfg = Release|Win32
		{84FDE46A-DD27-48D4-9659-09E5A4B7A723}.Release|x86.Build.0 = Release|Win32
		{E2A1E25F-6E9A-482F-85EF-7EBBAD9A5E94}.Debug|x64.ActiveCfg = Debug|x64
		{E2A1E25F-6E9A-482F-85EF-7EBBAD9A5E94}.Debug|x64.Build.0 = Debug|x64
		{E2A1E25F-6E9A-482F-85EF-7EBBAD9A5E94}.Debug|x86.ActiveCfg = Debug|Win32
		{E2A1E25F-6E9A-482F-85EF-7EBBAD9A5E94}.Debug|x86.Build.0 = Debug|Win32
		{E2A1E25F-6E9A-482F-85EF-7EBBAD9A5E94}.Release|x64.ActiveCfg = Release|x64
		{E2A1E25F-6E9A-482F-85EF-7EBBAD9A5E94}.Release|x64.Build.0 = Release|x64
		{E2A1E25F-6E9A-482F-85EF-7EBBAD9A5E94}.Release|x86.ActiveCfg = Release|Win32
		{E2A1E25F-6E9A-482F-85EF-7EBBAD9A5E94}.Release|x86.Build.0 = Release|Win32
		{D4283604-A504-4B4F-913A-1372B149FAC1}.Debug|x64.ActiveCfg = Debug|x64
		{D4283604-A504-4B4F-913A-1372B149FAC1}.Debug|x64.Build.0 = Debug|x64
		{D4283604-A504-4B4F-913A-1372B149FAC1}.Debug|x86.ActiveCfg = Debug|Win32
		{D4283604-A504-4B4F-913A-1372B149FAC1}.Debug|x86.Build.0 = Debug|Win32
		{D4283604-A504-4B4F-913A-1372B149FAC1}.Release|x64.ActiveCfg = Release|x64
		{D4283604-A504-4B4F-913A-1372B149FAC1}.Release|x64.Build.0 = Release|x64
		{D4283604-A504-4B4F-913A-1372B149FAC1}.Release|x86.ActiveCfg = Release|Win32
		{D4283604-A504-4B4F-913A-1372B149FAC1}.Release|x86.Build.0 = Release|Win32
		{46F91A98-90D6-4F12-ABD1-5CE510C6D9B0}.Debug|x64.ActiveCfg = Debug|x64
		{46F91A98-90D6-4F12-ABD1-5CE510C6D9B0}.Debug|x64.Build.0 = Debug|x64
		{46F91A98-90D6-4F12-ABD1-5CE510C6D9B0}.Debug|x86.ActiveCfg = Debug|Win32
		{46F91A98-90D6-4F12-ABD1-5CE510C6D9B0}.Debug|x86.Build.0 = Debug|Win32
		{46F91A98-90D6-4F12-ABD1-5CE510C6D9B0}.Release|x64.ActiveCfg = Release|x64
		{46F91A98-90D6-4F12-ABD1-5CE510C6D9B0}.Release|x64.Build.0 = Release|x64
		{46F91A98-90D6-4F12-ABD1-5CE510C6D9B0}.Release|x86.ActiveCfg = Release|Win32
		{46F91A98-90D6-4F12-ABD1-5CE510C6D9B0}.Release|x86.Build.0 = Release|Win32
	EndGlobalSection
	GlobalSection(SolutionProperties) = preSolution
		HideSolutionNode = FALSE
	EndGlobalSection
	GlobalSection(ExtensibilityGlobals) = postSolution
		SolutionGuid = {779989CC-1CEF-4BA3-8402-2B1F8064E0F1}
	EndGlobalSection
EndGlobal
